
Microsoft Visual Studio Solution File, Format Version 12.00
# Visual Studio Version 16
VisualStudioVersion = 16.0.31424.327
MinimumVisualStudioVersion = 10.0.40219.1
Project("{FAE04EC0-301F-11D3-BF4B-00C04F79EFBC}") = "SimpleDapperTask", "SimpleDapperTask\SimpleDapperTask.csproj", "{568CDB9F-3BDE-499F-9ABE-AF3DECAB262B}"
EndProject
Global
	GlobalSection(SolutionConfigurationPlatforms) = preSolution
		Debug|Any CPU = Debug|Any CPU
		Release|Any CPU = Release|Any CPU
	EndGlobalSection
	GlobalSection(ProjectConfigurationPlatforms) = postSolution
		{568CDB9F-3BDE-499F-9ABE-AF3DECAB262B}.Debug|Any CPU.ActiveCfg = Debug|Any CPU
		{568CDB9F-3BDE-499F-9ABE-AF3DECAB262B}.Debug|Any CPU.Build.0 = Debug|Any CPU
		{568CDB9F-3BDE-499F-9ABE-AF3DECAB262B}.Release|Any CPU.ActiveCfg = Release|Any CPU
		{568CDB9F-3BDE-499F-9ABE-AF3DECAB262B}.Release|Any CPU.Build.0 = Release|Any CPU
	EndGlobalSection
	GlobalSection(SolutionProperties) = preSolution
		HideSolutionNode = FALSE
	EndGlobalSection
	GlobalSection(ExtensibilityGlobals) = postSolution
		SolutionGuid = {322FB325-A0B4-4CF4-BE3B-233F74253670}
	EndGlobalSection
EndGlobal
